
Microsoft Visual Studio Solution File, Format Version 12.00
# Visual Studio 2013
VisualStudioVersion = 12.0.40629.0
MinimumVisualStudioVersion = 10.0.40219.1
Project("{FAE04EC0-301F-11D3-BF4B-00C04F79EFBC}") = "Cipha", "Cipha\Cipha.csproj", "{965B6B51-6C2E-4D79-98EA-6722EEB94EC2}"
EndProject
Project("{FAE04EC0-301F-11D3-BF4B-00C04F79EFBC}") = "CiphaConsole", "CiphaConsole\CiphaConsole.csproj", "{FF1D35D3-DBCA-4DCA-9C72-82EAB7020668}"
EndProject
Project("{FAE04EC0-301F-11D3-BF4B-00C04F79EFBC}") = "Cipha.Tests", "Cipha.Tests\Cipha.Tests.csproj", "{4A8CAABE-C20B-46C7-98BD-621A540934E7}"
EndProject
Project("{FAE04EC0-301F-11D3-BF4B-00C04F79EFBC}") = "Sandbox", "Sandbox\Sandbox.csproj", "{A0CDCE44-6112-4856-8E81-7C456A439E9D}"
EndProject
Project("{2150E333-8FDC-42A3-9474-1A3956D46DE8}") = "Solution Items", "Solution Items", "{46FEECB7-FA35-4627-A40A-86C0730026CB}"
	ProjectSection(SolutionItems) = preProject
		.gitignore = .gitignore
		README.md = README.md
	EndProjectSection
EndProject
Global
	GlobalSection(SolutionConfigurationPlatforms) = preSolution
		Debug|Any CPU = Debug|Any CPU
		Release|Any CPU = Release|Any CPU
	EndGlobalSection
	GlobalSection(ProjectConfigurationPlatforms) = postSolution
		{965B6B51-6C2E-4D79-98EA-6722EEB94EC2}.Debug|Any CPU.ActiveCfg = Debug|Any CPU
		{965B6B51-6C2E-4D79-98EA-6722EEB94EC2}.Debug|Any CPU.Build.0 = Debug|Any CPU
		{965B6B51-6C2E-4D79-98EA-6722EEB94EC2}.Release|Any CPU.ActiveCfg = Release|Any CPU
		{965B6B51-6C2E-4D79-98EA-6722EEB94EC2}.Release|Any CPU.Build.0 = Release|Any CPU
		{FF1D35D3-DBCA-4DCA-9C72-82EAB7020668}.Debug|Any CPU.ActiveCfg = Debug|Any CPU
		{FF1D35D3-DBCA-4DCA-9C72-82EAB7020668}.Debug|Any CPU.Build.0 = Debug|Any CPU
		{FF1D35D3-DBCA-4DCA-9C72-82EAB7020668}.Release|Any CPU.ActiveCfg = Release|Any CPU
		{FF1D35D3-DBCA-4DCA-9C72-82EAB7020668}.Release|Any CPU.Build.0 = Release|Any CPU
		{4A8CAABE-C20B-46C7-98BD-621A540934E7}.Debug|Any CPU.ActiveCfg = Debug|Any CPU
		{4A8CAABE-C20B-46C7-98BD-621A540934E7}.Debug|Any CPU.Build.0 = Debug|Any CPU
		{4A8CAABE-C20B-46C7-98BD-621A540934E7}.Release|Any CPU.ActiveCfg = Release|Any CPU
		{4A8CAABE-C20B-46C7-98BD-621A540934E7}.Release|Any CPU.Build.0 = Release|Any CPU
		{A0CDCE44-6112-4856-8E81-7C456A439E9D}.Debug|Any CPU.ActiveCfg = Debug|Any CPU
		{A0CDCE44-6112-4856-8E81-7C456A439E9D}.Debug|Any CPU.Build.0 = Debug|Any CPU
		{A0CDCE44-6112-4856-8E81-7C456A439E9D}.Release|Any CPU.ActiveCfg = Release|Any CPU
		{A0CDCE44-6112-4856-8E81-7C456A439E9D}.Release|Any CPU.Build.0 = Release|Any CPU
	EndGlobalSection
	GlobalSection(SolutionProperties) = preSolution
		HideSolutionNode = FALSE
	EndGlobalSection
EndGlobal
